
Microsoft Visual Studio Solution File, Format Version 12.00
# Visual Studio Version 17
VisualStudioVersion = 17.13.35931.197
MinimumVisualStudioVersion = 10.0.40219.1
Project("{2150E333-8FDC-42A3-9474-1A3956D46DE8}") = "1 - Apresentacao", "1 - Apresentacao", "{02EA681E-C7D8-13C7-8484-4AC65E1B71E8}"
EndProject
Project("{2150E333-8FDC-42A3-9474-1A3956D46DE8}") = "2 - Aplicacao", "2 - Aplicacao", "{99E286F2-AC94-4506-89BE-E3181474D4FC}"
EndProject
Project("{2150E333-8FDC-42A3-9474-1A3956D46DE8}") = "3 - Dominio", "3 - Dominio", "{B614B6AF-4E4A-45FE-AEE3-C1802E014F29}"
EndProject
Project("{2150E333-8FDC-42A3-9474-1A3956D46DE8}") = "4 - Infraestrutura", "4 - Infraestrutura", "{6835A982-EFE0-488C-8EB2-A658B0900106}"
EndProject
Project("{FAE04EC0-301F-11D3-BF4B-00C04F79EFBC}") = "Promessometro.Dominio", "Promessometro.Dominio\Promessometro.Dominio.csproj", "{0B4E9EB3-5600-4A74-B51E-77A4BFE2921C}"
EndProject
Project("{FAE04EC0-301F-11D3-BF4B-00C04F79EFBC}") = "Promessometro.Aplicacao", "Promessometro.Aplicacao\Promessometro.Aplicacao.csproj", "{A5D04326-8846-4E96-8AF1-E1539DD86F40}"
EndProject
Project("{2150E333-8FDC-42A3-9474-1A3956D46DE8}") = "APIs", "APIs", "{700FA440-01CA-4681-A410-8F4478D2745C}"
EndProject
Project("{2150E333-8FDC-42A3-9474-1A3956D46DE8}") = "Servicos", "Servicos", "{1C756ABB-7D47-4041-85F6-D7E987C54B43}"
EndProject
Project("{FAE04EC0-301F-11D3-BF4B-00C04F79EFBC}") = "Promessometro.Infraestrutura", "Promessometro.Infraestrutura\Promessometro.Infraestrutura.csproj", "{3CC30D3E-DD4A-4AF1-9ADA-6B78260F7251}"
EndProject
Project("{FAE04EC0-301F-11D3-BF4B-00C04F79EFBC}") = "Promessometro.Apresentacao.Api.Docker", "Promessometro.Apresentacao.Api.Docker\Promessometro.Apresentacao.Api.Docker.csproj", "{8156C372-BC4A-4622-9B59-056EB6F2FA4F}"
EndProject
Project("{FAE04EC0-301F-11D3-BF4B-00C04F79EFBC}") = "Promessometro.Servico.Requerimentos", "Promessometro.Servico.Requerimentos\Promessometro.Servico.Requerimentos.csproj", "{28EC6ADD-36FC-45AA-BAC0-F004FDE4235D}"
EndProject
Project("{FAE04EC0-301F-11D3-BF4B-00C04F79EFBC}") = "Promessometro.WebScraping", "Promessometro.WebScraping\Promessometro.WebScraping.csproj", "{2DF058FE-77C5-4DF3-BAF2-854A666C36D7}"
EndProject
Global
	GlobalSection(SolutionConfigurationPlatforms) = preSolution
		Debug|Any CPU = Debug|Any CPU
		Release|Any CPU = Release|Any CPU
	EndGlobalSection
	GlobalSection(ProjectConfigurationPlatforms) = postSolution
		{0B4E9EB3-5600-4A74-B51E-77A4BFE2921C}.Debug|Any CPU.ActiveCfg = Debug|Any CPU
		{0B4E9EB3-5600-4A74-B51E-77A4BFE2921C}.Debug|Any CPU.Build.0 = Debug|Any CPU
		{0B4E9EB3-5600-4A74-B51E-77A4BFE2921C}.Release|Any CPU.ActiveCfg = Release|Any CPU
		{0B4E9EB3-5600-4A74-B51E-77A4BFE2921C}.Release|Any CPU.Build.0 = Release|Any CPU
		{A5D04326-8846-4E96-8AF1-E1539DD86F40}.Debug|Any CPU.ActiveCfg = Debug|Any CPU
		{A5D04326-8846-4E96-8AF1-E1539DD86F40}.Debug|Any CPU.Build.0 = Debug|Any CPU
		{A5D04326-8846-4E96-8AF1-E1539DD86F40}.Release|Any CPU.ActiveCfg = Release|Any CPU
		{A5D04326-8846-4E96-8AF1-E1539DD86F40}.Release|Any CPU.Build.0 = Release|Any CPU
		{3CC30D3E-DD4A-4AF1-9ADA-6B78260F7251}.Debug|Any CPU.ActiveCfg = Debug|Any CPU
		{3CC30D3E-DD4A-4AF1-9ADA-6B78260F7251}.Debug|Any CPU.Build.0 = Debug|Any CPU
		{3CC30D3E-DD4A-4AF1-9ADA-6B78260F7251}.Release|Any CPU.ActiveCfg = Release|Any CPU
		{3CC30D3E-DD4A-4AF1-9ADA-6B78260F7251}.Release|Any CPU.Build.0 = Release|Any CPU
		{8156C372-BC4A-4622-9B59-056EB6F2FA4F}.Debug|Any CPU.ActiveCfg = Debug|Any CPU
		{8156C372-BC4A-4622-9B59-056EB6F2FA4F}.Debug|Any CPU.Build.0 = Debug|Any CPU
		{8156C372-BC4A-4622-9B59-056EB6F2FA4F}.Release|Any CPU.ActiveCfg = Release|Any CPU
		{8156C372-BC4A-4622-9B59-056EB6F2FA4F}.Release|Any CPU.Build.0 = Release|Any CPU
		{28EC6ADD-36FC-45AA-BAC0-F004FDE4235D}.Debug|Any CPU.ActiveCfg = Debug|Any CPU
		{28EC6ADD-36FC-45AA-BAC0-F004FDE4235D}.Debug|Any CPU.Build.0 = Debug|Any CPU
		{28EC6ADD-36FC-45AA-BAC0-F004FDE4235D}.Release|Any CPU.ActiveCfg = Release|Any CPU
		{28EC6ADD-36FC-45AA-BAC0-F004FDE4235D}.Release|Any CPU.Build.0 = Release|Any CPU
		{2DF058FE-77C5-4DF3-BAF2-854A666C36D7}.Debug|Any CPU.ActiveCfg = Debug|Any CPU
		{2DF058FE-77C5-4DF3-BAF2-854A666C36D7}.Debug|Any CPU.Build.0 = Debug|Any CPU
		{2DF058FE-77C5-4DF3-BAF2-854A666C36D7}.Release|Any CPU.ActiveCfg = Release|Any CPU
		{2DF058FE-77C5-4DF3-BAF2-854A666C36D7}.Release|Any CPU.Build.0 = Release|Any CPU
	EndGlobalSection
	GlobalSection(SolutionProperties) = preSolution
		HideSolutionNode = FALSE
	EndGlobalSection
	GlobalSection(NestedProjects) = preSolution
		{0B4E9EB3-5600-4A74-B51E-77A4BFE2921C} = {B614B6AF-4E4A-45FE-AEE3-C1802E014F29}
		{A5D04326-8846-4E96-8AF1-E1539DD86F40} = {99E286F2-AC94-4506-89BE-E3181474D4FC}
		{700FA440-01CA-4681-A410-8F4478D2745C} = {02EA681E-C7D8-13C7-8484-4AC65E1B71E8}
		{1C756ABB-7D47-4041-85F6-D7E987C54B43} = {02EA681E-C7D8-13C7-8484-4AC65E1B71E8}
		{3CC30D3E-DD4A-4AF1-9ADA-6B78260F7251} = {6835A982-EFE0-488C-8EB2-A658B0900106}
		{8156C372-BC4A-4622-9B59-056EB6F2FA4F} = {700FA440-01CA-4681-A410-8F4478D2745C}
		{28EC6ADD-36FC-45AA-BAC0-F004FDE4235D} = {1C756ABB-7D47-4041-85F6-D7E987C54B43}
		{2DF058FE-77C5-4DF3-BAF2-854A666C36D7} = {6835A982-EFE0-488C-8EB2-A658B0900106}
	EndGlobalSection
	GlobalSection(ExtensibilityGlobals) = postSolution
		SolutionGuid = {35C0512B-FA20-4D53-9C32-36A747DBDDA3}
	EndGlobalSection
EndGlobal
